// !$*UTF8*$!
{
	archiveVersion = 1;
	classes = {
	};
	objectVersion = 52;
	objects = {

/* Begin PBXBuildFile section */
		8243F58F244C11B200A2AE47 /* Fakery in Frameworks */ = {isa = PBXBuildFile; productRef = 8243F58E244C11B200A2AE47 /* Fakery */; };
		8243F592244C219A00A2AE47 /* ParseNumber.swift in Sources */ = {isa = PBXBuildFile; fileRef = 8243F591244C219A00A2AE47 /* ParseNumber.swift */; };
		8243F594244C21B700A2AE47 /* ParseNumbers.swift in Sources */ = {isa = PBXBuildFile; fileRef = 8243F593244C21B700A2AE47 /* ParseNumbers.swift */; };
		825C16A12450210200BCB5AD /* StringCalculatorError.swift in Sources */ = {isa = PBXBuildFile; fileRef = 825C16A02450210200BCB5AD /* StringCalculatorError.swift */; };
		827066FE244B026A00BAB239 /* StringCalculator.swift in Sources */ = {isa = PBXBuildFile; fileRef = 827066FD244B026A00BAB239 /* StringCalculator.swift */; };
		829712A0244ACDD400424FAA /* Kata.framework in Frameworks */ = {isa = PBXBuildFile; fileRef = 82971296244ACDD400424FAA /* Kata.framework */; };
		829712A5244ACDD400424FAA /* KataTests.swift in Sources */ = {isa = PBXBuildFile; fileRef = 829712A4244ACDD400424FAA /* KataTests.swift */; };
		829712A7244ACDD400424FAA /* Kata.h in Headers */ = {isa = PBXBuildFile; fileRef = 82971299244ACDD400424FAA /* Kata.h */; settings = {ATTRIBUTES = (Public, ); }; };
		829712B2244ACE1300424FAA /* Nimble in Frameworks */ = {isa = PBXBuildFile; productRef = 829712B1244ACE1300424FAA /* Nimble */; };
		82BBC180244EB85200BD36DD /* ParseDelimiters.swift in Sources */ = {isa = PBXBuildFile; fileRef = 82BBC17F244EB85200BD36DD /* ParseDelimiters.swift */; };
		82DCE9C5245151EA0062787A /* Delimiter.swift in Sources */ = {isa = PBXBuildFile; fileRef = 82DCE9C4245151EA0062787A /* Delimiter.swift */; };
/* End PBXBuildFile section */

/* Begin PBXContainerItemProxy section */
		829712A1244ACDD400424FAA /* PBXContainerItemProxy */ = {
			isa = PBXContainerItemProxy;
			containerPortal = 8297128D244ACDD400424FAA /* Project object */;
			proxyType = 1;
			remoteGlobalIDString = 82971295244ACDD400424FAA;
			remoteInfo = kata;
		};
/* End PBXContainerItemProxy section */

/* Begin PBXFileReference section */
		8243F590244C15C900A2AE47 /* blank.yml */ = {isa = PBXFileReference; lastKnownFileType = text.yaml; name = blank.yml; path = .github/workflows/blank.yml; sourceTree = "<group>"; };
		8243F591244C219A00A2AE47 /* ParseNumber.swift */ = {isa = PBXFileReference; lastKnownFileType = sourcecode.swift; path = ParseNumber.swift; sourceTree = "<group>"; };
		8243F593244C21B700A2AE47 /* ParseNumbers.swift */ = {isa = PBXFileReference; lastKnownFileType = sourcecode.swift; path = ParseNumbers.swift; sourceTree = "<group>"; };
		825C16A02450210200BCB5AD /* StringCalculatorError.swift */ = {isa = PBXFileReference; lastKnownFileType = sourcecode.swift; path = StringCalculatorError.swift; sourceTree = "<group>"; };
		827066FD244B026A00BAB239 /* StringCalculator.swift */ = {isa = PBXFileReference; lastKnownFileType = sourcecode.swift; path = StringCalculator.swift; sourceTree = "<group>"; };
		82971296244ACDD400424FAA /* Kata.framework */ = {isa = PBXFileReference; explicitFileType = wrapper.framework; includeInIndex = 0; path = Kata.framework; sourceTree = BUILT_PRODUCTS_DIR; };
		82971299244ACDD400424FAA /* Kata.h */ = {isa = PBXFileReference; lastKnownFileType = sourcecode.c.h; path = Kata.h; sourceTree = "<group>"; };
		8297129A244ACDD400424FAA /* Info.plist */ = {isa = PBXFileReference; lastKnownFileType = text.plist.xml; path = Info.plist; sourceTree = "<group>"; };
		8297129F244ACDD400424FAA /* KataTests.xctest */ = {isa = PBXFileReference; explicitFileType = wrapper.cfbundle; includeInIndex = 0; path = KataTests.xctest; sourceTree = BUILT_PRODUCTS_DIR; };
		829712A4244ACDD400424FAA /* KataTests.swift */ = {isa = PBXFileReference; lastKnownFileType = sourcecode.swift; path = KataTests.swift; sourceTree = "<group>"; };
		829712A6244ACDD400424FAA /* Info.plist */ = {isa = PBXFileReference; lastKnownFileType = text.plist.xml; path = Info.plist; sourceTree = "<group>"; };
		82BBC17F244EB85200BD36DD /* ParseDelimiters.swift */ = {isa = PBXFileReference; lastKnownFileType = sourcecode.swift; path = ParseDelimiters.swift; sourceTree = "<group>"; };
		82BBC181244EC4C200BD36DD /* README.md */ = {isa = PBXFileReference; lastKnownFileType = net.daringfireball.markdown; path = README.md; sourceTree = "<group>"; };
		82DCE9C4245151EA0062787A /* Delimiter.swift */ = {isa = PBXFileReference; lastKnownFileType = sourcecode.swift; path = Delimiter.swift; sourceTree = "<group>"; };
/* End PBXFileReference section */

/* Begin PBXFrameworksBuildPhase section */
		82971293244ACDD400424FAA /* Frameworks */ = {
			isa = PBXFrameworksBuildPhase;
			buildActionMask = 2147483647;
			files = (
			);
			runOnlyForDeploymentPostprocessing = 0;
		};
		8297129C244ACDD400424FAA /* Frameworks */ = {
			isa = PBXFrameworksBuildPhase;
			buildActionMask = 2147483647;
			files = (
				829712A0244ACDD400424FAA /* Kata.framework in Frameworks */,
				829712B2244ACE1300424FAA /* Nimble in Frameworks */,
				8243F58F244C11B200A2AE47 /* Fakery in Frameworks */,
			);
			runOnlyForDeploymentPostprocessing = 0;
		};
/* End PBXFrameworksBuildPhase section */

/* Begin PBXGroup section */
		8297128C244ACDD400424FAA = {
			isa = PBXGroup;
			children = (
				82BBC181244EC4C200BD36DD /* README.md */,
				8243F590244C15C900A2AE47 /* blank.yml */,
				82971298244ACDD400424FAA /* Sources */,
				829712A3244ACDD400424FAA /* Tests */,
				82971297244ACDD400424FAA /* Products */,
			);
			sourceTree = "<group>";
		};
		82971297244ACDD400424FAA /* Products */ = {
			isa = PBXGroup;
			children = (
				82971296244ACDD400424FAA /* Kata.framework */,
				8297129F244ACDD400424FAA /* KataTests.xctest */,
			);
			name = Products;
			sourceTree = "<group>";
		};
		82971298244ACDD400424FAA /* Sources */ = {
			isa = PBXGroup;
			children = (
				82971299244ACDD400424FAA /* Kata.h */,
				8297129A244ACDD400424FAA /* Info.plist */,
				827066FD244B026A00BAB239 /* StringCalculator.swift */,
				82DCE9C4245151EA0062787A /* Delimiter.swift */,
				825C16A02450210200BCB5AD /* StringCalculatorError.swift */,
				8243F591244C219A00A2AE47 /* ParseNumber.swift */,
				8243F593244C21B700A2AE47 /* ParseNumbers.swift */,
				82BBC17F244EB85200BD36DD /* ParseDelimiters.swift */,
			);
			path = Sources;
			sourceTree = "<group>";
		};
		829712A3244ACDD400424FAA /* Tests */ = {
			isa = PBXGroup;
			children = (
				829712A4244ACDD400424FAA /* KataTests.swift */,
				829712A6244ACDD400424FAA /* Info.plist */,
			);
			path = Tests;
			sourceTree = "<group>";
		};
/* End PBXGroup section */

/* Begin PBXHeadersBuildPhase section */
		82971291244ACDD400424FAA /* Headers */ = {
			isa = PBXHeadersBuildPhase;
			buildActionMask = 2147483647;
			files = (
				829712A7244ACDD400424FAA /* Kata.h in Headers */,
			);
			runOnlyForDeploymentPostprocessing = 0;
		};
/* End PBXHeadersBuildPhase section */

/* Begin PBXNativeTarget section */
		82971295244ACDD400424FAA /* Kata */ = {
			isa = PBXNativeTarget;
			buildConfigurationList = 829712AA244ACDD400424FAA /* Build configuration list for PBXNativeTarget "Kata" */;
			buildPhases = (
				82971291244ACDD400424FAA /* Headers */,
				82971292244ACDD400424FAA /* Sources */,
				82971293244ACDD400424FAA /* Frameworks */,
				82971294244ACDD400424FAA /* Resources */,
			);
			buildRules = (
			);
			dependencies = (
			);
			name = Kata;
			packageProductDependencies = (
			);
			productName = kata;
			productReference = 82971296244ACDD400424FAA /* Kata.framework */;
			productType = "com.apple.product-type.framework";
		};
		8297129E244ACDD400424FAA /* KataTests */ = {
			isa = PBXNativeTarget;
			buildConfigurationList = 829712AD244ACDD400424FAA /* Build configuration list for PBXNativeTarget "KataTests" */;
			buildPhases = (
				8297129B244ACDD400424FAA /* Sources */,
				8297129C244ACDD400424FAA /* Frameworks */,
				8297129D244ACDD400424FAA /* Resources */,
			);
			buildRules = (
			);
			dependencies = (
				829712A2244ACDD400424FAA /* PBXTargetDependency */,
			);
			name = KataTests;
			packageProductDependencies = (
				829712B1244ACE1300424FAA /* Nimble */,
				8243F58E244C11B200A2AE47 /* Fakery */,
			);
			productName = kataTests;
			productReference = 8297129F244ACDD400424FAA /* KataTests.xctest */;
			productType = "com.apple.product-type.bundle.unit-test";
		};
/* End PBXNativeTarget section */

/* Begin PBXProject section */
		8297128D244ACDD400424FAA /* Project object */ = {
			isa = PBXProject;
			attributes = {
				LastSwiftUpdateCheck = 1140;
				LastUpgradeCheck = 1140;
				ORGANIZATIONNAME = Tollaga;
				TargetAttributes = {
					82971295244ACDD400424FAA = {
						CreatedOnToolsVersion = 11.4;
						LastSwiftMigration = 1140;
					};
					8297129E244ACDD400424FAA = {
						CreatedOnToolsVersion = 11.4;
					};
				};
			};
			buildConfigurationList = 82971290244ACDD400424FAA /* Build configuration list for PBXProject "Kata" */;
			compatibilityVersion = "Xcode 9.3";
			developmentRegion = en;
			hasScannedForEncodings = 0;
			knownRegions = (
				en,
				Base,
			);
			mainGroup = 8297128C244ACDD400424FAA;
			packageReferences = (
				829712B0244ACE1300424FAA /* XCRemoteSwiftPackageReference "Nimble" */,
				8243F58D244C11B200A2AE47 /* XCRemoteSwiftPackageReference "Fakery" */,
			);
			productRefGroup = 82971297244ACDD400424FAA /* Products */;
			projectDirPath = "";
			projectRoot = "";
			targets = (
				82971295244ACDD400424FAA /* Kata */,
				8297129E244ACDD400424FAA /* KataTests */,
			);
		};
/* End PBXProject section */

/* Begin PBXResourcesBuildPhase section */
		82971294244ACDD400424FAA /* Resources */ = {
			isa = PBXResourcesBuildPhase;
			buildActionMask = 2147483647;
			files = (
			);
			runOnlyForDeploymentPostprocessing = 0;
		};
		8297129D244ACDD400424FAA /* Resources */ = {
			isa = PBXResourcesBuildPhase;
			buildActionMask = 2147483647;
			files = (
			);
			runOnlyForDeploymentPostprocessing = 0;
		};
/* End PBXResourcesBuildPhase section */

/* Begin PBXSourcesBuildPhase section */
		82971292244ACDD400424FAA /* Sources */ = {
			isa = PBXSourcesBuildPhase;
			buildActionMask = 2147483647;
			files = (
				8243F594244C21B700A2AE47 /* ParseNumbers.swift in Sources */,
				82BBC180244EB85200BD36DD /* ParseDelimiters.swift in Sources */,
				8243F592244C219A00A2AE47 /* ParseNumber.swift in Sources */,
				825C16A12450210200BCB5AD /* StringCalculatorError.swift in Sources */,
				827066FE244B026A00BAB239 /* StringCalculator.swift in Sources */,
				82DCE9C5245151EA0062787A /* Delimiter.swift in Sources */,
			);
			runOnlyForDeploymentPostprocessing = 0;
		};
		8297129B244ACDD400424FAA /* Sources */ = {
			isa = PBXSourcesBuildPhase;
			buildActionMask = 2147483647;
			files = (
				829712A5244ACDD400424FAA /* KataTests.swift in Sources */,
			);
			runOnlyForDeploymentPostprocessing = 0;
		};
/* End PBXSourcesBuildPhase section */

/* Begin PBXTargetDependency section */
		829712A2244ACDD400424FAA /* PBXTargetDependency */ = {
			isa = PBXTargetDependency;
			target = 82971295244ACDD400424FAA /* Kata */;
			targetProxy = 829712A1244ACDD400424FAA /* PBXContainerItemProxy */;
		};
/* End PBXTargetDependency section */

/* Begin XCBuildConfiguration section */
		829712A8244ACDD400424FAA /* Debug */ = {
			isa = XCBuildConfiguration;
			buildSettings = {
				ALWAYS_SEARCH_USER_PATHS = NO;
				CLANG_ANALYZER_NONNULL = YES;
				CLANG_ANALYZER_NUMBER_OBJECT_CONVERSION = YES_AGGRESSIVE;
				CLANG_CXX_LANGUAGE_STANDARD = "gnu++14";
				CLANG_CXX_LIBRARY = "libc++";
				CLANG_ENABLE_MODULES = YES;
				CLANG_ENABLE_OBJC_ARC = YES;
				CLANG_ENABLE_OBJC_WEAK = YES;
				CLANG_WARN_BLOCK_CAPTURE_AUTORELEASING = YES;
				CLANG_WARN_BOOL_CONVERSION = YES;
				CLANG_WARN_COMMA = YES;
				CLANG_WARN_CONSTANT_CONVERSION = YES;
				CLANG_WARN_DEPRECATED_OBJC_IMPLEMENTATIONS = YES;
				CLANG_WARN_DIRECT_OBJC_ISA_USAGE = YES_ERROR;
				CLANG_WARN_DOCUMENTATION_COMMENTS = YES;
				CLANG_WARN_EMPTY_BODY = YES;
				CLANG_WARN_ENUM_CONVERSION = YES;
				CLANG_WARN_INFINITE_RECURSION = YES;
				CLANG_WARN_INT_CONVERSION = YES;
				CLANG_WARN_NON_LITERAL_NULL_CONVERSION = YES;
				CLANG_WARN_OBJC_IMPLICIT_RETAIN_SELF = YES;
				CLANG_WARN_OBJC_LITERAL_CONVERSION = YES;
				CLANG_WARN_OBJC_ROOT_CLASS = YES_ERROR;
				CLANG_WARN_RANGE_LOOP_ANALYSIS = YES;
				CLANG_WARN_STRICT_PROTOTYPES = YES;
				CLANG_WARN_SUSPICIOUS_MOVE = YES;
				CLANG_WARN_UNGUARDED_AVAILABILITY = YES_AGGRESSIVE;
				CLANG_WARN_UNREACHABLE_CODE = YES;
				CLANG_WARN__DUPLICATE_METHOD_MATCH = YES;
				COPY_PHASE_STRIP = NO;
				CURRENT_PROJECT_VERSION = 1;
				DEBUG_INFORMATION_FORMAT = dwarf;
				ENABLE_STRICT_OBJC_MSGSEND = YES;
				ENABLE_TESTABILITY = YES;
				GCC_C_LANGUAGE_STANDARD = gnu11;
				GCC_DYNAMIC_NO_PIC = NO;
				GCC_NO_COMMON_BLOCKS = YES;
				GCC_OPTIMIZATION_LEVEL = 0;
				GCC_PREPROCESSOR_DEFINITIONS = (
					"DEBUG=1",
					"$(inherited)",
				);
				GCC_WARN_64_TO_32_BIT_CONVERSION = YES;
				GCC_WARN_ABOUT_RETURN_TYPE = YES_ERROR;
				GCC_WARN_UNDECLARED_SELECTOR = YES;
				GCC_WARN_UNINITIALIZED_AUTOS = YES_AGGRESSIVE;
				GCC_WARN_UNUSED_FUNCTION = YES;
				GCC_WARN_UNUSED_VARIABLE = YES;
				MACOSX_DEPLOYMENT_TARGET = 10.15;
				MTL_ENABLE_DEBUG_INFO = INCLUDE_SOURCE;
				MTL_FAST_MATH = YES;
				ONLY_ACTIVE_ARCH = YES;
				SDKROOT = macosx;
				SWIFT_ACTIVE_COMPILATION_CONDITIONS = DEBUG;
				SWIFT_OPTIMIZATION_LEVEL = "-Onone";
				VERSIONING_SYSTEM = "apple-generic";
				VERSION_INFO_PREFIX = "";
			};
			name = Debug;
		};
		829712A9244ACDD400424FAA /* Release */ = {
			isa = XCBuildConfiguration;
			buildSettings = {
				ALWAYS_SEARCH_USER_PATHS = NO;
				CLANG_ANALYZER_NONNULL = YES;
				CLANG_ANALYZER_NUMBER_OBJECT_CONVERSION = YES_AGGRESSIVE;
				CLANG_CXX_LANGUAGE_STANDARD = "gnu++14";
				CLANG_CXX_LIBRARY = "libc++";
				CLANG_ENABLE_MODULES = YES;
				CLANG_ENABLE_OBJC_ARC = YES;
				CLANG_ENABLE_OBJC_WEAK = YES;
				CLANG_WARN_BLOCK_CAPTURE_AUTORELEASING = YES;
				CLANG_WARN_BOOL_CONVERSION = YES;
				CLANG_WARN_COMMA = YES;
				CLANG_WARN_CONSTANT_CONVERSION = YES;
				CLANG_WARN_DEPRECATED_OBJC_IMPLEMENTATIONS = YES;
				CLANG_WARN_DIRECT_OBJC_ISA_USAGE = YES_ERROR;
				CLANG_WARN_DOCUMENTATION_COMMENTS = YES;
				CLANG_WARN_EMPTY_BODY = YES;
				CLANG_WARN_ENUM_CONVERSION = YES;
				CLANG_WARN_INFINITE_RECURSION = YES;
				CLANG_WARN_INT_CONVERSION = YES;
				CLANG_WARN_NON_LITERAL_NULL_CONVERSION = YES;
				CLANG_WARN_OBJC_IMPLICIT_RETAIN_SELF = YES;
				CLANG_WARN_OBJC_LITERAL_CONVERSION = YES;
				CLANG_WARN_OBJC_ROOT_CLASS = YES_ERROR;
				CLANG_WARN_RANGE_LOOP_ANALYSIS = YES;
				CLANG_WARN_STRICT_PROTOTYPES = YES;
				CLANG_WARN_SUSPICIOUS_MOVE = YES;
				CLANG_WARN_UNGUARDED_AVAILABILITY = YES_AGGRESSIVE;
				CLANG_WARN_UNREACHABLE_CODE = YES;
				CLANG_WARN__DUPLICATE_METHOD_MATCH = YES;
				COPY_PHASE_STRIP = NO;
				CURRENT_PROJECT_VERSION = 1;
				DEBUG_INFORMATION_FORMAT = "dwarf-with-dsym";
				ENABLE_NS_ASSERTIONS = NO;
				ENABLE_STRICT_OBJC_MSGSEND = YES;
				GCC_C_LANGUAGE_STANDARD = gnu11;
				GCC_NO_COMMON_BLOCKS = YES;
				GCC_WARN_64_TO_32_BIT_CONVERSION = YES;
				GCC_WARN_ABOUT_RETURN_TYPE = YES_ERROR;
				GCC_WARN_UNDECLARED_SELECTOR = YES;
				GCC_WARN_UNINITIALIZED_AUTOS = YES_AGGRESSIVE;
				GCC_WARN_UNUSED_FUNCTION = YES;
				GCC_WARN_UNUSED_VARIABLE = YES;
				MACOSX_DEPLOYMENT_TARGET = 10.15;
				MTL_ENABLE_DEBUG_INFO = NO;
				MTL_FAST_MATH = YES;
				SDKROOT = macosx;
				SWIFT_COMPILATION_MODE = wholemodule;
				SWIFT_OPTIMIZATION_LEVEL = "-O";
				VERSIONING_SYSTEM = "apple-generic";
				VERSION_INFO_PREFIX = "";
			};
			name = Release;
		};
		829712AB244ACDD400424FAA /* Debug */ = {
			isa = XCBuildConfiguration;
			buildSettings = {
				CLANG_ENABLE_MODULES = YES;
				CODE_SIGN_STYLE = Automatic;
				COMBINE_HIDPI_IMAGES = YES;
				DEFINES_MODULE = YES;
				DYLIB_COMPATIBILITY_VERSION = 1;
				DYLIB_CURRENT_VERSION = 1;
				DYLIB_INSTALL_NAME_BASE = "@rpath";
				INFOPLIST_FILE = Sources/Info.plist;
				INSTALL_PATH = "$(LOCAL_LIBRARY_DIR)/Frameworks";
				LD_RUNPATH_SEARCH_PATHS = (
					"$(inherited)",
					"@executable_path/../Frameworks",
					"@loader_path/Frameworks",
				);
				PRODUCT_BUNDLE_IDENTIFIER = com.tollaga.kata;
				PRODUCT_NAME = "$(TARGET_NAME:c99extidentifier)";
				SKIP_INSTALL = YES;
				SWIFT_OPTIMIZATION_LEVEL = "-Onone";
				SWIFT_VERSION = 5.0;
			};
			name = Debug;
		};
		829712AC244ACDD400424FAA /* Release */ = {
			isa = XCBuildConfiguration;
			buildSettings = {
				CLANG_ENABLE_MODULES = YES;
				CODE_SIGN_STYLE = Automatic;
				COMBINE_HIDPI_IMAGES = YES;
				DEFINES_MODULE = YES;
				DYLIB_COMPATIBILITY_VERSION = 1;
				DYLIB_CURRENT_VERSION = 1;
				DYLIB_INSTALL_NAME_BASE = "@rpath";
				INFOPLIST_FILE = Sources/Info.plist;
				INSTALL_PATH = "$(LOCAL_LIBRARY_DIR)/Frameworks";
				LD_RUNPATH_SEARCH_PATHS = (
					"$(inherited)",
					"@executable_path/../Frameworks",
					"@loader_path/Frameworks",
				);
				PRODUCT_BUNDLE_IDENTIFIER = com.tollaga.kata;
				PRODUCT_NAME = "$(TARGET_NAME:c99extidentifier)";
				SKIP_INSTALL = YES;
				SWIFT_VERSION = 5.0;
			};
			name = Release;
		};
		829712AE244ACDD400424FAA /* Debug */ = {
			isa = XCBuildConfiguration;
			buildSettings = {
				ALWAYS_EMBED_SWIFT_STANDARD_LIBRARIES = YES;
				CODE_SIGN_STYLE = Automatic;
				COMBINE_HIDPI_IMAGES = YES;
				INFOPLIST_FILE = Tests/Info.plist;
				LD_RUNPATH_SEARCH_PATHS = (
					"$(inherited)",
					"@executable_path/../Frameworks",
					"@loader_path/../Frameworks",
				);
				PRODUCT_BUNDLE_IDENTIFIER = com.tollaga.kataTests;
				PRODUCT_NAME = "$(TARGET_NAME)";
				SWIFT_VERSION = 5.0;
			};
			name = Debug;
		};
		829712AF244ACDD400424FAA /* Release */ = {
			isa = XCBuildConfiguration;
			buildSettings = {
				ALWAYS_EMBED_SWIFT_STANDARD_LIBRARIES = YES;
				CODE_SIGN_STYLE = Automatic;
				COMBINE_HIDPI_IMAGES = YES;
				INFOPLIST_FILE = Tests/Info.plist;
				LD_RUNPATH_SEARCH_PATHS = (
					"$(inherited)",
					"@executable_path/../Frameworks",
					"@loader_path/../Frameworks",
				);
				PRODUCT_BUNDLE_IDENTIFIER = com.tollaga.kataTests;
				PRODUCT_NAME = "$(TARGET_NAME)";
				SWIFT_VERSION = 5.0;
			};
			name = Release;
		};
/* End XCBuildConfiguration section */

/* Begin XCConfigurationList section */
		82971290244ACDD400424FAA /* Build configuration list for PBXProject "Kata" */ = {
			isa = XCConfigurationList;
			buildConfigurations = (
				829712A8244ACDD400424FAA /* Debug */,
				829712A9244ACDD400424FAA /* Release */,
			);
			defaultConfigurationIsVisible = 0;
			defaultConfigurationName = Release;
		};
		829712AA244ACDD400424FAA /* Build configuration list for PBXNativeTarget "Kata" */ = {
			isa = XCConfigurationList;
			buildConfigurations = (
				829712AB244ACDD400424FAA /* Debug */,
				829712AC244ACDD400424FAA /* Release */,
			);
			defaultConfigurationIsVisible = 0;
			defaultConfigurationName = Release;
		};
		829712AD244ACDD400424FAA /* Build configuration list for PBXNativeTarget "KataTests" */ = {
			isa = XCConfigurationList;
			buildConfigurations = (
				829712AE244ACDD400424FAA /* Debug */,
				829712AF244ACDD400424FAA /* Release */,
			);
			defaultConfigurationIsVisible = 0;
			defaultConfigurationName = Release;
		};
/* End XCConfigurationList section */

/* Begin XCRemoteSwiftPackageReference section */
		8243F58D244C11B200A2AE47 /* XCRemoteSwiftPackageReference "Fakery" */ = {
			isa = XCRemoteSwiftPackageReference;
			repositoryURL = "https://github.com/vadymmarkov/Fakery.git";
			requirement = {
				kind = upToNextMajorVersion;
				minimumVersion = 4.1.1;
			};
		};
		829712B0244ACE1300424FAA /* XCRemoteSwiftPackageReference "Nimble" */ = {
			isa = XCRemoteSwiftPackageReference;
			repositoryURL = "https://github.com/Quick/Nimble.git";
			requirement = {
				kind = upToNextMajorVersion;
				minimumVersion = 8.0.7;
			};
		};
/* End XCRemoteSwiftPackageReference section */

/* Begin XCSwiftPackageProductDependency section */
		8243F58E244C11B200A2AE47 /* Fakery */ = {
			isa = XCSwiftPackageProductDependency;
			package = 8243F58D244C11B200A2AE47 /* XCRemoteSwiftPackageReference "Fakery" */;
			productName = Fakery;
		};
		829712B1244ACE1300424FAA /* Nimble */ = {
			isa = XCSwiftPackageProductDependency;
			package = 829712B0244ACE1300424FAA /* XCRemoteSwiftPackageReference "Nimble" */;
			productName = Nimble;
		};
/* End XCSwiftPackageProductDependency section */
	};
	rootObject = 8297128D244ACDD400424FAA /* Project object */;
}
